
Microsoft Visual Studio Solution File, Format Version 12.00
# Visual Studio Version 16
VisualStudioVersion = 16.0.29215.179
MinimumVisualStudioVersion = 10.0.40219.1
Project("{FAE04EC0-301F-11D3-BF4B-00C04F79EFBC}") = "01-HelloWorld", "01-HelloWorld\01-HelloWorld.csproj", "{E7125E9C-519C-4EF0-ABFC-FF506A1965A6}"
EndProject
Project("{FAE04EC0-301F-11D3-BF4B-00C04F79EFBC}") = "02-WriteAndWriteLine", "02-WriteAndWriteLine\02-WriteAndWriteLine.csproj", "{DD9C9ED6-BDE5-4689-A0DF-7496D723F9AD}"
EndProject
Project("{FAE04EC0-301F-11D3-BF4B-00C04F79EFBC}") = "03-Variables", "03-Variables\03-Variables.csproj", "{2A135F76-40EA-4B54-8905-B04F0C7B4496}"
EndProject
Project("{FAE04EC0-301F-11D3-BF4B-00C04F79EFBC}") = "04-VariablesAndStringBuilding", "04-VariablesAndStringBuilding\04-VariablesAndStringBuilding.csproj", "{AC480557-8F97-4E37-98ED-EBF28C1F5220}"
EndProject
Project("{FAE04EC0-301F-11D3-BF4B-00C04F79EFBC}") = "05-Math", "05-Math\05-Math.csproj", "{D4ECF347-DE25-4977-A626-3AC628964C4A}"
EndProject
Project("{FAE04EC0-301F-11D3-BF4B-00C04F79EFBC}") = "06-ReadLineAndParse", "06-ReadLineAndParse\06-ReadLineAndParse.csproj", "{3E3C49E8-9CAC-46B5-A2A3-9867DD55A231}"
EndProject
Global
	GlobalSection(SolutionConfigurationPlatforms) = preSolution
		Debug|Any CPU = Debug|Any CPU
		Release|Any CPU = Release|Any CPU
	EndGlobalSection
	GlobalSection(ProjectConfigurationPlatforms) = postSolution
		{E7125E9C-519C-4EF0-ABFC-FF506A1965A6}.Debug|Any CPU.ActiveCfg = Debug|Any CPU
		{E7125E9C-519C-4EF0-ABFC-FF506A1965A6}.Debug|Any CPU.Build.0 = Debug|Any CPU
		{E7125E9C-519C-4EF0-ABFC-FF506A1965A6}.Release|Any CPU.ActiveCfg = Release|Any CPU
		{E7125E9C-519C-4EF0-ABFC-FF506A1965A6}.Release|Any CPU.Build.0 = Release|Any CPU
		{DD9C9ED6-BDE5-4689-A0DF-7496D723F9AD}.Debug|Any CPU.ActiveCfg = Debug|Any CPU
		{DD9C9ED6-BDE5-4689-A0DF-7496D723F9AD}.Debug|Any CPU.Build.0 = Debug|Any CPU
		{DD9C9ED6-BDE5-4689-A0DF-7496D723F9AD}.Release|Any CPU.ActiveCfg = Release|Any CPU
		{DD9C9ED6-BDE5-4689-A0DF-7496D723F9AD}.Release|Any CPU.Build.0 = Release|Any CPU
		{2A135F76-40EA-4B54-8905-B04F0C7B4496}.Debug|Any CPU.ActiveCfg = Debug|Any CPU
		{2A135F76-40EA-4B54-8905-B04F0C7B4496}.Debug|Any CPU.Build.0 = Debug|Any CPU
		{2A135F76-40EA-4B54-8905-B04F0C7B4496}.Release|Any CPU.ActiveCfg = Release|Any CPU
		{2A135F76-40EA-4B54-8905-B04F0C7B4496}.Release|Any CPU.Build.0 = Release|Any CPU
		{AC480557-8F97-4E37-98ED-EBF28C1F5220}.Debug|Any CPU.ActiveCfg = Debug|Any CPU
		{AC480557-8F97-4E37-98ED-EBF28C1F5220}.Debug|Any CPU.Build.0 = Debug|Any CPU
		{AC480557-8F97-4E37-98ED-EBF28C1F5220}.Release|Any CPU.ActiveCfg = Release|Any CPU
		{AC480557-8F97-4E37-98ED-EBF28C1F5220}.Release|Any CPU.Build.0 = Release|Any CPU
		{D4ECF347-DE25-4977-A626-3AC628964C4A}.Debug|Any CPU.ActiveCfg = Debug|Any CPU
		{D4ECF347-DE25-4977-A626-3AC628964C4A}.Debug|Any CPU.Build.0 = Debug|Any CPU
		{D4ECF347-DE25-4977-A626-3AC628964C4A}.Release|Any CPU.ActiveCfg = Release|Any CPU
		{D4ECF347-DE25-4977-A626-3AC628964C4A}.Release|Any CPU.Build.0 = Release|Any CPU
		{3E3C49E8-9CAC-46B5-A2A3-9867DD55A231}.Debug|Any CPU.ActiveCfg = Debug|Any CPU
		{3E3C49E8-9CAC-46B5-A2A3-9867DD55A231}.Debug|Any CPU.Build.0 = Debug|Any CPU
		{3E3C49E8-9CAC-46B5-A2A3-9867DD55A231}.Release|Any CPU.ActiveCfg = Release|Any CPU
		{3E3C49E8-9CAC-46B5-A2A3-9867DD55A231}.Release|Any CPU.Build.0 = Release|Any CPU
	EndGlobalSection
	GlobalSection(SolutionProperties) = preSolution
		HideSolutionNode = FALSE
	EndGlobalSection
	GlobalSection(ExtensibilityGlobals) = postSolution
		SolutionGuid = {DEB94B19-DAC7-4495-9CBB-88D1C427134F}
	EndGlobalSection
EndGlobal
